{
  "name": "petite-transform",
  "version": "1.0.0",
  "lockfileVersion": 1,
  "requires": true,
  "dependencies": {
    "typescript": {
      "version": "5.1.0-dev.20230330",
      "resolved": "https://registry.npmjs.org/typescript/-/typescript-5.1.0-dev.20230330.tgz",
      "integrity": "sha512-OT0b7AxGqaS5WQjXO7973G9L43d/v7Qnxf+Tt4rWTpk/S06KmvrjnQajzkk2IN/QdKknJLuRLT5HwzbACzSY8Q==",
      "dev": true
    }
  }
}
